
Microsoft Visual Studio Solution File, Format Version 12.00
# Visual Studio Version 17
VisualStudioVersion = 17.10.35027.167
MinimumVisualStudioVersion = 10.0.40219.1
Project("{8BC9CEB8-8B4A-11D0-8D11-00A0C91BC942}") = "AntiVirusProtectionDriver", "AntiVirusProtectionDriver\AntiVirusProtectionDriver.vcxproj", "{B8689D4B-273B-4028-895A-5507D5D72C73}"
EndProject
Global
	GlobalSection(SolutionConfigurationPlatforms) = preSolution
		Debug|ARM64 = Debug|ARM64
		Debug|x64 = Debug|x64
		Release|ARM64 = Release|ARM64
		Release|x64 = Release|x64
	EndGlobalSection
	GlobalSection(ProjectConfigurationPlatforms) = postSolution
		{B8689D4B-273B-4028-895A-5507D5D72C73}.Debug|ARM64.ActiveCfg = Debug|ARM64
		{B8689D4B-273B-4028-895A-5507D5D72C73}.Debug|ARM64.Build.0 = Debug|ARM64
		{B8689D4B-273B-4028-895A-5507D5D72C73}.Debug|ARM64.Deploy.0 = Debug|ARM64
		{B8689D4B-273B-4028-895A-5507D5D72C73}.Debug|x64.ActiveCfg = Debug|x64
		{B8689D4B-273B-4028-895A-5507D5D72C73}.Debug|x64.Build.0 = Debug|x64
		{B8689D4B-273B-4028-895A-5507D5D72C73}.Debug|x64.Deploy.0 = Debug|x64
		{B8689D4B-273B-4028-895A-5507D5D72C73}.Release|ARM64.ActiveCfg = Release|ARM64
		{B8689D4B-273B-4028-895A-5507D5D72C73}.Release|ARM64.Build.0 = Release|ARM64
		{B8689D4B-273B-4028-895A-5507D5D72C73}.Release|ARM64.Deploy.0 = Release|ARM64
		{B8689D4B-273B-4028-895A-5507D5D72C73}.Release|x64.ActiveCfg = Release|x64
		{B8689D4B-273B-4028-895A-5507D5D72C73}.Release|x64.Build.0 = Release|x64
		{B8689D4B-273B-4028-895A-5507D5D72C73}.Release|x64.Deploy.0 = Release|x64
	EndGlobalSection
	GlobalSection(SolutionProperties) = preSolution
		HideSolutionNode = FALSE
	EndGlobalSection
	GlobalSection(ExtensibilityGlobals) = postSolution
		SolutionGuid = {11EF115F-2207-4EB4-A57E-63B0C6292088}
	EndGlobalSection
EndGlobal
